
Microsoft Visual Studio Solution File, Format Version 12.00
# Visual Studio Version 17
VisualStudioVersion = 17.2.32526.322
MinimumVisualStudioVersion = 10.0.40219.1
Project("{FAE04EC0-301F-11D3-BF4B-00C04F79EFBC}") = "WebApi_Practice", "WebApi_Practice\WebApi_Practice.csproj", "{1E1B3F01-0F78-410A-984A-ACB5962043CC}"
EndProject
Global
	GlobalSection(SolutionConfigurationPlatforms) = preSolution
		Debug|Any CPU = Debug|Any CPU
		Release|Any CPU = Release|Any CPU
	EndGlobalSection
	GlobalSection(ProjectConfigurationPlatforms) = postSolution
		{1E1B3F01-0F78-410A-984A-ACB5962043CC}.Debug|Any CPU.ActiveCfg = Debug|Any CPU
		{1E1B3F01-0F78-410A-984A-ACB5962043CC}.Debug|Any CPU.Build.0 = Debug|Any CPU
		{1E1B3F01-0F78-410A-984A-ACB5962043CC}.Release|Any CPU.ActiveCfg = Release|Any CPU
		{1E1B3F01-0F78-410A-984A-ACB5962043CC}.Release|Any CPU.Build.0 = Release|Any CPU
	EndGlobalSection
	GlobalSection(SolutionProperties) = preSolution
		HideSolutionNode = FALSE
	EndGlobalSection
	GlobalSection(ExtensibilityGlobals) = postSolution
		SolutionGuid = {1D5B59E9-9315-4CDD-BE1C-DEFBD6D0A1B2}
	EndGlobalSection
EndGlobal
